
Microsoft Visual Studio Solution File, Format Version 12.00
# Visual Studio 15
Project("{FAE04EC0-301F-11D3-BF4B-00C04F79EFBC}") = "UnityEditor.UI", "UnityEditor.UI.csproj", "{4E148830-CB23-81B7-643D-F441FBA47AB3}"
EndProject
Project("{FAE04EC0-301F-11D3-BF4B-00C04F79EFBC}") = "Assembly-CSharp", "Assembly-CSharp.csproj", "{EB0D2C8C-5C07-F32C-402A-35A601058831}"
EndProject
Project("{FAE04EC0-301F-11D3-BF4B-00C04F79EFBC}") = "UnityEngine.UI", "UnityEngine.UI.csproj", "{4A24284A-41D9-EDDC-95E1-10FB822158D8}"
EndProject
Global
	GlobalSection(SolutionConfigurationPlatforms) = preSolution
		Debug|Any CPU = Debug|Any CPU
		Release|Any CPU = Release|Any CPU
	EndGlobalSection
	GlobalSection(ProjectConfigurationPlatforms) = postSolution
		{4E148830-CB23-81B7-643D-F441FBA47AB3}.Debug|Any CPU.ActiveCfg = Debug|Any CPU
		{4E148830-CB23-81B7-643D-F441FBA47AB3}.Debug|Any CPU.Build.0 = Debug|Any CPU
		{4E148830-CB23-81B7-643D-F441FBA47AB3}.Release|Any CPU.ActiveCfg = Release|Any CPU
		{4E148830-CB23-81B7-643D-F441FBA47AB3}.Release|Any CPU.Build.0 = Release|Any CPU
		{EB0D2C8C-5C07-F32C-402A-35A601058831}.Debug|Any CPU.ActiveCfg = Debug|Any CPU
		{EB0D2C8C-5C07-F32C-402A-35A601058831}.Debug|Any CPU.Build.0 = Debug|Any CPU
		{EB0D2C8C-5C07-F32C-402A-35A601058831}.Release|Any CPU.ActiveCfg = Release|Any CPU
		{EB0D2C8C-5C07-F32C-402A-35A601058831}.Release|Any CPU.Build.0 = Release|Any CPU
		{4A24284A-41D9-EDDC-95E1-10FB822158D8}.Debug|Any CPU.ActiveCfg = Debug|Any CPU
		{4A24284A-41D9-EDDC-95E1-10FB822158D8}.Debug|Any CPU.Build.0 = Debug|Any CPU
		{4A24284A-41D9-EDDC-95E1-10FB822158D8}.Release|Any CPU.ActiveCfg = Release|Any CPU
		{4A24284A-41D9-EDDC-95E1-10FB822158D8}.Release|Any CPU.Build.0 = Release|Any CPU
	EndGlobalSection
	GlobalSection(SolutionProperties) = preSolution
		HideSolutionNode = FALSE
	EndGlobalSection
EndGlobal
